
Microsoft Visual Studio Solution File, Format Version 12.00
# Visual Studio 2012
Project("{FAE04EC0-301F-11D3-BF4B-00C04F79EFBC}") = "VisualSail", "VisualSail\VisualSail.csproj", "{19B80B83-0CB1-4B3D-B91D-73F4BB304E66}"
EndProject
Project("{FAE04EC0-301F-11D3-BF4B-00C04F79EFBC}") = "VisualSail2", "VisualSail2\VisualSail2.csproj", "{8812F64A-C93E-47C8-BB5D-89C354BB4DAC}"
EndProject
Global
	GlobalSection(SolutionConfigurationPlatforms) = preSolution
		Debug|.NET = Debug|.NET
		Debug|Any CPU = Debug|Any CPU
		Debug|Mixed Platforms = Debug|Mixed Platforms
		Debug|x86 = Debug|x86
		Release|.NET = Release|.NET
		Release|Any CPU = Release|Any CPU
		Release|Mixed Platforms = Release|Mixed Platforms
		Release|x86 = Release|x86
	EndGlobalSection
	GlobalSection(ProjectConfigurationPlatforms) = postSolution
		{19B80B83-0CB1-4B3D-B91D-73F4BB304E66}.Debug|.NET.ActiveCfg = Debug|Any CPU
		{19B80B83-0CB1-4B3D-B91D-73F4BB304E66}.Debug|.NET.Build.0 = Debug|Any CPU
		{19B80B83-0CB1-4B3D-B91D-73F4BB304E66}.Debug|Any CPU.ActiveCfg = Debug|Any CPU
		{19B80B83-0CB1-4B3D-B91D-73F4BB304E66}.Debug|Any CPU.Build.0 = Debug|Any CPU
		{19B80B83-0CB1-4B3D-B91D-73F4BB304E66}.Debug|Mixed Platforms.ActiveCfg = Debug|Any CPU
		{19B80B83-0CB1-4B3D-B91D-73F4BB304E66}.Debug|Mixed Platforms.Build.0 = Debug|Any CPU
		{19B80B83-0CB1-4B3D-B91D-73F4BB304E66}.Debug|x86.ActiveCfg = Debug|Any CPU
		{19B80B83-0CB1-4B3D-B91D-73F4BB304E66}.Debug|x86.Build.0 = Debug|Any CPU
		{19B80B83-0CB1-4B3D-B91D-73F4BB304E66}.Release|.NET.ActiveCfg = Release|Any CPU
		{19B80B83-0CB1-4B3D-B91D-73F4BB304E66}.Release|Any CPU.ActiveCfg = Release|Any CPU
		{19B80B83-0CB1-4B3D-B91D-73F4BB304E66}.Release|Any CPU.Build.0 = Release|Any CPU
		{19B80B83-0CB1-4B3D-B91D-73F4BB304E66}.Release|Mixed Platforms.ActiveCfg = Release|Any CPU
		{19B80B83-0CB1-4B3D-B91D-73F4BB304E66}.Release|Mixed Platforms.Build.0 = Release|Any CPU
		{19B80B83-0CB1-4B3D-B91D-73F4BB304E66}.Release|x86.ActiveCfg = Release|Any CPU
		{8812F64A-C93E-47C8-BB5D-89C354BB4DAC}.Debug|.NET.ActiveCfg = Debug|.NET
		{8812F64A-C93E-47C8-BB5D-89C354BB4DAC}.Debug|.NET.Build.0 = Debug|.NET
		{8812F64A-C93E-47C8-BB5D-89C354BB4DAC}.Debug|Any CPU.ActiveCfg = Debug|.NET
		{8812F64A-C93E-47C8-BB5D-89C354BB4DAC}.Debug|Any CPU.Build.0 = Debug|.NET
		{8812F64A-C93E-47C8-BB5D-89C354BB4DAC}.Debug|Mixed Platforms.ActiveCfg = Debug|.NET
		{8812F64A-C93E-47C8-BB5D-89C354BB4DAC}.Debug|Mixed Platforms.Build.0 = Debug|.NET
		{8812F64A-C93E-47C8-BB5D-89C354BB4DAC}.Debug|x86.ActiveCfg = Debug|.NET
		{8812F64A-C93E-47C8-BB5D-89C354BB4DAC}.Debug|x86.Build.0 = Debug|.NET
		{8812F64A-C93E-47C8-BB5D-89C354BB4DAC}.Release|.NET.ActiveCfg = Release|.NET
		{8812F64A-C93E-47C8-BB5D-89C354BB4DAC}.Release|.NET.Build.0 = Release|.NET
		{8812F64A-C93E-47C8-BB5D-89C354BB4DAC}.Release|Any CPU.ActiveCfg = Release|.NET
		{8812F64A-C93E-47C8-BB5D-89C354BB4DAC}.Release|Any CPU.Build.0 = Release|.NET
		{8812F64A-C93E-47C8-BB5D-89C354BB4DAC}.Release|Mixed Platforms.ActiveCfg = Release|.NET
		{8812F64A-C93E-47C8-BB5D-89C354BB4DAC}.Release|Mixed Platforms.Build.0 = Release|.NET
		{8812F64A-C93E-47C8-BB5D-89C354BB4DAC}.Release|x86.ActiveCfg = Release|.NET
		{8812F64A-C93E-47C8-BB5D-89C354BB4DAC}.Release|x86.Build.0 = Release|.NET
	EndGlobalSection
	GlobalSection(MonoDevelopProperties) = preSolution
		StartupItem = VisualSail2\VisualSail2.csproj
	EndGlobalSection
	GlobalSection(SolutionProperties) = preSolution
		HideSolutionNode = FALSE
	EndGlobalSection
EndGlobal
