
Microsoft Visual Studio Solution File, Format Version 12.00
# Visual Studio Version 16
VisualStudioVersion = 16.0.29926.136
MinimumVisualStudioVersion = 10.0.40219.1
Project("{FAE04EC0-301F-11D3-BF4B-00C04F79EFBC}") = "VisualSail", "VisualSail\VisualSail.csproj", "{8812F64A-C93E-47C8-BB5D-89C354BB4DAC}"
EndProject
Global
	GlobalSection(SolutionConfigurationPlatforms) = preSolution
		Debug|.NET = Debug|.NET
		Debug|Any CPU = Debug|Any CPU
		Debug|Mixed Platforms = Debug|Mixed Platforms
		Debug|x86 = Debug|x86
		Release|.NET = Release|.NET
		Release|Any CPU = Release|Any CPU
		Release|Mixed Platforms = Release|Mixed Platforms
		Release|x86 = Release|x86
	EndGlobalSection
	GlobalSection(ProjectConfigurationPlatforms) = postSolution
		{8812F64A-C93E-47C8-BB5D-89C354BB4DAC}.Debug|.NET.ActiveCfg = Debug|.NET
		{8812F64A-C93E-47C8-BB5D-89C354BB4DAC}.Debug|.NET.Build.0 = Debug|.NET
		{8812F64A-C93E-47C8-BB5D-89C354BB4DAC}.Debug|Any CPU.ActiveCfg = Debug|.NET
		{8812F64A-C93E-47C8-BB5D-89C354BB4DAC}.Debug|Mixed Platforms.ActiveCfg = Debug|.NET
		{8812F64A-C93E-47C8-BB5D-89C354BB4DAC}.Debug|Mixed Platforms.Build.0 = Debug|.NET
		{8812F64A-C93E-47C8-BB5D-89C354BB4DAC}.Debug|x86.ActiveCfg = Debug|.NET
		{8812F64A-C93E-47C8-BB5D-89C354BB4DAC}.Release|.NET.ActiveCfg = Release|.NET
		{8812F64A-C93E-47C8-BB5D-89C354BB4DAC}.Release|.NET.Build.0 = Release|.NET
		{8812F64A-C93E-47C8-BB5D-89C354BB4DAC}.Release|Any CPU.ActiveCfg = Release|.NET
		{8812F64A-C93E-47C8-BB5D-89C354BB4DAC}.Release|Mixed Platforms.ActiveCfg = Release|.NET
		{8812F64A-C93E-47C8-BB5D-89C354BB4DAC}.Release|Mixed Platforms.Build.0 = Release|.NET
		{8812F64A-C93E-47C8-BB5D-89C354BB4DAC}.Release|x86.ActiveCfg = Release|.NET
	EndGlobalSection
	GlobalSection(SolutionProperties) = preSolution
		HideSolutionNode = FALSE
	EndGlobalSection
	GlobalSection(ExtensibilityGlobals) = postSolution
		SolutionGuid = {65B9505D-1A0C-446F-9B11-EFAC872E2AF3}
	EndGlobalSection
	GlobalSection(MonoDevelopProperties) = preSolution
		StartupItem = VisualSail\VisualSail.csproj
	EndGlobalSection
EndGlobal
